github.com/johnowen04/golang-dasar v1.0.0 h1:7aXv4InclubmJcRRrZIAUdwu2wz8JxemmLTzLsI5E/o=
github.com/johnowen04/golang-dasar v1.0.0/go.mod h1:1HdcekolzeqCRJ4raN1edizjDv03lbkLPGrhHTH651c=
github.com/johnowen04/golang-dasar v1.1.0 h1:Nls54mXsFf2o1P+QSP4XuuaOXYBBMHCX9URYk2tY9Go=
github.com/johnowen04/golang-dasar v1.1.0/go.mod h1:1HdcekolzeqCRJ4raN1edizjDv03lbkLPGrhHTH651c=
